<?xml version="1.0" encoding="utf-8"?>
<Project ToolsVersion="17.0" xmlns="http://schemas.microsoft.com/developer/msbuild/2003">
  <ItemGroup>
    <ClCompile Include="C:\Users\Eugene\source\repos\FileIndexer\UnitTests\test.cpp">
      <Filter>Source Files</Filter>
    </ClCompile>
  </ItemGroup>
  <ItemGroup>
    <CustomBuild Include="C:\Users\Eugene\source\repos\FileIndexer\UnitTests\CMakeLists.txt" />
  </ItemGroup>
  <ItemGroup>
    <Filter Include="Source Files">
      <UniqueIdentifier>{A08D3CED-EA39-3A8A-A034-59E957970B9A}</UniqueIdentifier>
    </Filter>
  </ItemGroup>
</Project>
